
Microsoft Visual Studio Solution File, Format Version 12.00
# Visual Studio Version 16
VisualStudioVersion = 16.0.30503.244
MinimumVisualStudioVersion = 10.0.40219.1
Project("{8BC9CEB8-8B4A-11D0-8D11-00A0C91BC942}") = "Prj01", "Prj01\Prj01.vcxproj", "{C378A7BB-70A5-4FE3-A634-868DD06EA5DF}"
EndProject
Project("{8BC9CEB8-8B4A-11D0-8D11-00A0C91BC942}") = "Prj02", "Prj02\Prj02.vcxproj", "{882CD035-10A8-40B2-BAF6-18688B173ADC}"
EndProject
Project("{8BC9CEB8-8B4A-11D0-8D11-00A0C91BC942}") = "Prj03", "Prj03\Prj03.vcxproj", "{CCEB051E-E22E-4A56-8008-FAF0BD11BB23}"
EndProject
Project("{8BC9CEB8-8B4A-11D0-8D11-00A0C91BC942}") = "Lab01", "Lab01\Lab01.vcxproj", "{D72677C2-E7CA-457D-9628-4F9C0E59B0DA}"
EndProject
Project("{8BC9CEB8-8B4A-11D0-8D11-00A0C91BC942}") = "Prj04", "Prj04\Prj04.vcxproj", "{85978163-E10A-46D0-83E7-3B2BEE9757E2}"
EndProject
Project("{8BC9CEB8-8B4A-11D0-8D11-00A0C91BC942}") = "Prj05", "Prj05\Prj05.vcxproj", "{1650FF19-4363-4F4E-BA8E-E3F105115BBE}"
EndProject
Project("{8BC9CEB8-8B4A-11D0-8D11-00A0C91BC942}") = "Prj06", "Prj06\Prj06.vcxproj", "{35047ADA-10FF-4763-BC81-68FC152318BF}"
EndProject
Project("{8BC9CEB8-8B4A-11D0-8D11-00A0C91BC942}") = "Lab02", "Lab02\Lab02.vcxproj", "{92B81C60-20A4-4D10-94BE-4578904C0CE7}"
EndProject
Project("{8BC9CEB8-8B4A-11D0-8D11-00A0C91BC942}") = "Prj07", "Prj07\Prj07.vcxproj", "{6B7D24A8-B8BB-46C9-89C8-D6CCA353B4B3}"
EndProject
Project("{8BC9CEB8-8B4A-11D0-8D11-00A0C91BC942}") = "Prj08", "Prj08\Prj08.vcxproj", "{D286AFFB-F425-4E1E-90AA-0274D30CC426}"
EndProject
Project("{8BC9CEB8-8B4A-11D0-8D11-00A0C91BC942}") = "Prj09", "Prj09\Prj09.vcxproj", "{A8776849-2E39-4A91-B074-F28F277CD3F9}"
EndProject
Project("{8BC9CEB8-8B4A-11D0-8D11-00A0C91BC942}") = "Prj10", "Prj10\Prj10.vcxproj", "{B2CA0659-D96A-4629-9E53-A7B8278077D2}"
EndProject
Project("{8BC9CEB8-8B4A-11D0-8D11-00A0C91BC942}") = "Lab03", "Lab03\Lab03.vcxproj", "{F9BDD9F8-47DC-4852-9C74-D1C9AAB9E14E}"
EndProject
Project("{8BC9CEB8-8B4A-11D0-8D11-00A0C91BC942}") = "Prj11", "Prj11\Prj11.vcxproj", "{D5481D8D-859D-482D-88EC-6B9939036378}"
EndProject
Project("{8BC9CEB8-8B4A-11D0-8D11-00A0C91BC942}") = "Prj12", "Prj12\Prj12.vcxproj", "{51BF4A6F-775A-4D0D-BA3C-C5C3C5969291}"
EndProject
Project("{8BC9CEB8-8B4A-11D0-8D11-00A0C91BC942}") = "Prj13", "Prj13\Prj13.vcxproj", "{8B4E44A7-38D9-47A5-B80E-61F3D0F64972}"
EndProject
Project("{8BC9CEB8-8B4A-11D0-8D11-00A0C91BC942}") = "Lab04", "Lab04\Lab04.vcxproj", "{1895CBA0-F58A-4F8E-97B8-0C8FCAFDE06D}"
EndProject
Global
	GlobalSection(SolutionConfigurationPlatforms) = preSolution
		Debug|x64 = Debug|x64
		Debug|x86 = Debug|x86
		Release|x64 = Release|x64
		Release|x86 = Release|x86
	EndGlobalSection
	GlobalSection(ProjectConfigurationPlatforms) = postSolution
		{C378A7BB-70A5-4FE3-A634-868DD06EA5DF}.Debug|x64.ActiveCfg = Debug|x64
		{C378A7BB-70A5-4FE3-A634-868DD06EA5DF}.Debug|x64.Build.0 = Debug|x64
		{C378A7BB-70A5-4FE3-A634-868DD06EA5DF}.Debug|x86.ActiveCfg = Debug|Win32
		{C378A7BB-70A5-4FE3-A634-868DD06EA5DF}.Debug|x86.Build.0 = Debug|Win32
		{C378A7BB-70A5-4FE3-A634-868DD06EA5DF}.Release|x64.ActiveCfg = Release|x64
		{C378A7BB-70A5-4FE3-A634-868DD06EA5DF}.Release|x64.Build.0 = Release|x64
		{C378A7BB-70A5-4FE3-A634-868DD06EA5DF}.Release|x86.ActiveCfg = Release|Win32
		{C378A7BB-70A5-4FE3-A634-868DD06EA5DF}.Release|x86.Build.0 = Release|Win32
		{882CD035-10A8-40B2-BAF6-18688B173ADC}.Debug|x64.ActiveCfg = Debug|x64
		{882CD035-10A8-40B2-BAF6-18688B173ADC}.Debug|x64.Build.0 = Debug|x64
		{882CD035-10A8-40B2-BAF6-18688B173ADC}.Debug|x86.ActiveCfg = Debug|Win32
		{882CD035-10A8-40B2-BAF6-18688B173ADC}.Debug|x86.Build.0 = Debug|Win32
		{882CD035-10A8-40B2-BAF6-18688B173ADC}.Release|x64.ActiveCfg = Release|x64
		{882CD035-10A8-40B2-BAF6-18688B173ADC}.Release|x64.Build.0 = Release|x64
		{882CD035-10A8-40B2-BAF6-18688B173ADC}.Release|x86.ActiveCfg = Release|Win32
		{882CD035-10A8-40B2-BAF6-18688B173ADC}.Release|x86.Build.0 = Release|Win32
		{CCEB051E-E22E-4A56-8008-FAF0BD11BB23}.Debug|x64.ActiveCfg = Debug|x64
		{CCEB051E-E22E-4A56-8008-FAF0BD11BB23}.Debug|x64.Build.0 = Debug|x64
		{CCEB051E-E22E-4A56-8008-FAF0BD11BB23}.Debug|x86.ActiveCfg = Debug|Win32
		{CCEB051E-E22E-4A56-8008-FAF0BD11BB23}.Debug|x86.Build.0 = Debug|Win32
		{CCEB051E-E22E-4A56-8008-FAF0BD11BB23}.Release|x64.ActiveCfg = Release|x64
		{CCEB051E-E22E-4A56-8008-FAF0BD11BB23}.Release|x64.Build.0 = Release|x64
		{CCEB051E-E22E-4A56-8008-FAF0BD11BB23}.Release|x86.ActiveCfg = Release|Win32
		{CCEB051E-E22E-4A56-8008-FAF0BD11BB23}.Release|x86.Build.0 = Release|Win32
		{D72677C2-E7CA-457D-9628-4F9C0E59B0DA}.Debug|x64.ActiveCfg = Debug|x64
		{D72677C2-E7CA-457D-9628-4F9C0E59B0DA}.Debug|x64.Build.0 = Debug|x64
		{D72677C2-E7CA-457D-9628-4F9C0E59B0DA}.Debug|x86.ActiveCfg = Debug|Win32
		{D72677C2-E7CA-457D-9628-4F9C0E59B0DA}.Debug|x86.Build.0 = Debug|Win32
		{D72677C2-E7CA-457D-9628-4F9C0E59B0DA}.Release|x64.ActiveCfg = Release|x64
		{D72677C2-E7CA-457D-9628-4F9C0E59B0DA}.Release|x64.Build.0 = Release|x64
		{D72677C2-E7CA-457D-9628-4F9C0E59B0DA}.Release|x86.ActiveCfg = Release|Win32
		{D72677C2-E7CA-457D-9628-4F9C0E59B0DA}.Release|x86.Build.0 = Release|Win32
		{85978163-E10A-46D0-83E7-3B2BEE9757E2}.Debug|x64.ActiveCfg = Debug|x64
		{85978163-E10A-46D0-83E7-3B2BEE9757E2}.Debug|x64.Build.0 = Debug|x64
		{85978163-E10A-46D0-83E7-3B2BEE9757E2}.Debug|x86.ActiveCfg = Debug|Win32
		{85978163-E10A-46D0-83E7-3B2BEE9757E2}.Debug|x86.Build.0 = Debug|Win32
		{85978163-E10A-46D0-83E7-3B2BEE9757E2}.Release|x64.ActiveCfg = Release|x64
		{85978163-E10A-46D0-83E7-3B2BEE9757E2}.Release|x64.Build.0 = Release|x64
		{85978163-E10A-46D0-83E7-3B2BEE9757E2}.Release|x86.ActiveCfg = Release|Win32
		{85978163-E10A-46D0-83E7-3B2BEE9757E2}.Release|x86.Build.0 = Release|Win32
		{1650FF19-4363-4F4E-BA8E-E3F105115BBE}.Debug|x64.ActiveCfg = Debug|x64
		{1650FF19-4363-4F4E-BA8E-E3F105115BBE}.Debug|x64.Build.0 = Debug|x64
		{1650FF19-4363-4F4E-BA8E-E3F105115BBE}.Debug|x86.ActiveCfg = Debug|Win32
		{1650FF19-4363-4F4E-BA8E-E3F105115BBE}.Debug|x86.Build.0 = Debug|Win32
		{1650FF19-4363-4F4E-BA8E-E3F105115BBE}.Release|x64.ActiveCfg = Release|x64
		{1650FF19-4363-4F4E-BA8E-E3F105115BBE}.Release|x64.Build.0 = Release|x64
		{1650FF19-4363-4F4E-BA8E-E3F105115BBE}.Release|x86.ActiveCfg = Release|Win32
		{1650FF19-4363-4F4E-BA8E-E3F105115BBE}.Release|x86.Build.0 = Release|Win32
		{35047ADA-10FF-4763-BC81-68FC152318BF}.Debug|x64.ActiveCfg = Debug|x64
		{35047ADA-10FF-4763-BC81-68FC152318BF}.Debug|x64.Build.0 = Debug|x64
		{35047ADA-10FF-4763-BC81-68FC152318BF}.Debug|x86.ActiveCfg = Debug|Win32
		{35047ADA-10FF-4763-BC81-68FC152318BF}.Debug|x86.Build.0 = Debug|Win32
		{35047ADA-10FF-4763-BC81-68FC152318BF}.Release|x64.ActiveCfg = Release|x64
		{35047ADA-10FF-4763-BC81-68FC152318BF}.Release|x64.Build.0 = Release|x64
		{35047ADA-10FF-4763-BC81-68FC152318BF}.Release|x86.ActiveCfg = Release|Win32
		{35047ADA-10FF-4763-BC81-68FC152318BF}.Release|x86.Build.0 = Release|Win32
		{92B81C60-20A4-4D10-94BE-4578904C0CE7}.Debug|x64.ActiveCfg = Debug|x64
		{92B81C60-20A4-4D10-94BE-4578904C0CE7}.Debug|x64.Build.0 = Debug|x64
		{92B81C60-20A4-4D10-94BE-4578904C0CE7}.Debug|x86.ActiveCfg = Debug|Win32
		{92B81C60-20A4-4D10-94BE-4578904C0CE7}.Debug|x86.Build.0 = Debug|Win32
		{92B81C60-20A4-4D10-94BE-4578904C0CE7}.Release|x64.ActiveCfg = Release|x64
		{92B81C60-20A4-4D10-94BE-4578904C0CE7}.Release|x64.Build.0 = Release|x64
		{92B81C60-20A4-4D10-94BE-4578904C0CE7}.Release|x86.ActiveCfg = Release|Win32
		{92B81C60-20A4-4D10-94BE-4578904C0CE7}.Release|x86.Build.0 = Release|Win32
		{6B7D24A8-B8BB-46C9-89C8-D6CCA353B4B3}.Debug|x64.ActiveCfg = Debug|x64
		{6B7D24A8-B8BB-46C9-89C8-D6CCA353B4B3}.Debug|x64.Build.0 = Debug|x64
		{6B7D24A8-B8BB-46C9-89C8-D6CCA353B4B3}.Debug|x86.ActiveCfg = Debug|Win32
		{6B7D24A8-B8BB-46C9-89C8-D6CCA353B4B3}.Debug|x86.Build.0 = Debug|Win32
		{6B7D24A8-B8BB-46C9-89C8-D6CCA353B4B3}.Release|x64.ActiveCfg = Release|x64
		{6B7D24A8-B8BB-46C9-89C8-D6CCA353B4B3}.Release|x64.Build.0 = Release|x64
		{6B7D24A8-B8BB-46C9-89C8-D6CCA353B4B3}.Release|x86.ActiveCfg = Release|Win32
		{6B7D24A8-B8BB-46C9-89C8-D6CCA353B4B3}.Release|x86.Build.0 = Release|Win32
		{D286AFFB-F425-4E1E-90AA-0274D30CC426}.Debug|x64.ActiveCfg = Debug|x64
		{D286AFFB-F425-4E1E-90AA-0274D30CC426}.Debug|x64.Build.0 = Debug|x64
		{D286AFFB-F425-4E1E-90AA-0274D30CC426}.Debug|x86.ActiveCfg = Debug|Win32
		{D286AFFB-F425-4E1E-90AA-0274D30CC426}.Debug|x86.Build.0 = Debug|Win32
		{D286AFFB-F425-4E1E-90AA-0274D30CC426}.Release|x64.ActiveCfg = Release|x64
		{D286AFFB-F425-4E1E-90AA-0274D30CC426}.Release|x64.Build.0 = Release|x64
		{D286AFFB-F425-4E1E-90AA-0274D30CC426}.Release|x86.ActiveCfg = Release|Win32
		{D286AFFB-F425-4E1E-90AA-0274D30CC426}.Release|x86.Build.0 = Release|Win32
		{A8776849-2E39-4A91-B074-F28F277CD3F9}.Debug|x64.ActiveCfg = Debug|x64
		{A8776849-2E39-4A91-B074-F28F277CD3F9}.Debug|x64.Build.0 = Debug|x64
		{A8776849-2E39-4A91-B074-F28F277CD3F9}.Debug|x86.ActiveCfg = Debug|Win32
		{A8776849-2E39-4A91-B074-F28F277CD3F9}.Debug|x86.Build.0 = Debug|Win32
		{A8776849-2E39-4A91-B074-F28F277CD3F9}.Release|x64.ActiveCfg = Release|x64
		{A8776849-2E39-4A91-B074-F28F277CD3F9}.Release|x64.Build.0 = Release|x64
		{A8776849-2E39-4A91-B074-F28F277CD3F9}.Release|x86.ActiveCfg = Release|Win32
		{A8776849-2E39-4A91-B074-F28F277CD3F9}.Release|x86.Build.0 = Release|Win32
		{B2CA0659-D96A-4629-9E53-A7B8278077D2}.Debug|x64.ActiveCfg = Debug|x64
		{B2CA0659-D96A-4629-9E53-A7B8278077D2}.Debug|x64.Build.0 = Debug|x64
		{B2CA0659-D96A-4629-9E53-A7B8278077D2}.Debug|x86.ActiveCfg = Debug|Win32
		{B2CA0659-D96A-4629-9E53-A7B8278077D2}.Debug|x86.Build.0 = Debug|Win32
		{B2CA0659-D96A-4629-9E53-A7B8278077D2}.Release|x64.ActiveCfg = Release|x64
		{B2CA0659-D96A-4629-9E53-A7B8278077D2}.Release|x64.Build.0 = Release|x64
		{B2CA0659-D96A-4629-9E53-A7B8278077D2}.Release|x86.ActiveCfg = Release|Win32
		{B2CA0659-D96A-4629-9E53-A7B8278077D2}.Release|x86.Build.0 = Release|Win32
		{F9BDD9F8-47DC-4852-9C74-D1C9AAB9E14E}.Debug|x64.ActiveCfg = Debug|x64
		{F9BDD9F8-47DC-4852-9C74-D1C9AAB9E14E}.Debug|x64.Build.0 = Debug|x64
		{F9BDD9F8-47DC-4852-9C74-D1C9AAB9E14E}.Debug|x86.ActiveCfg = Debug|Win32
		{F9BDD9F8-47DC-4852-9C74-D1C9AAB9E14E}.Debug|x86.Build.0 = Debug|Win32
		{F9BDD9F8-47DC-4852-9C74-D1C9AAB9E14E}.Release|x64.ActiveCfg = Release|x64
		{F9BDD9F8-47DC-4852-9C74-D1C9AAB9E14E}.Release|x64.Build.0 = Release|x64
		{F9BDD9F8-47DC-4852-9C74-D1C9AAB9E14E}.Release|x86.ActiveCfg = Release|Win32
		{F9BDD9F8-47DC-4852-9C74-D1C9AAB9E14E}.Release|x86.Build.0 = Release|Win32
		{D5481D8D-859D-482D-88EC-6B9939036378}.Debug|x64.ActiveCfg = Debug|x64
		{D5481D8D-859D-482D-88EC-6B9939036378}.Debug|x64.Build.0 = Debug|x64
		{D5481D8D-859D-482D-88EC-6B9939036378}.Debug|x86.ActiveCfg = Debug|Win32
		{D5481D8D-859D-482D-88EC-6B9939036378}.Debug|x86.Build.0 = Debug|Win32
		{D5481D8D-859D-482D-88EC-6B9939036378}.Release|x64.ActiveCfg = Release|x64
		{D5481D8D-859D-482D-88EC-6B9939036378}.Release|x64.Build.0 = Release|x64
		{D5481D8D-859D-482D-88EC-6B9939036378}.Release|x86.ActiveCfg = Release|Win32
		{D5481D8D-859D-482D-88EC-6B9939036378}.Release|x86.Build.0 = Release|Win32
		{51BF4A6F-775A-4D0D-BA3C-C5C3C5969291}.Debug|x64.ActiveCfg = Debug|x64
		{51BF4A6F-775A-4D0D-BA3C-C5C3C5969291}.Debug|x64.Build.0 = Debug|x64
		{51BF4A6F-775A-4D0D-BA3C-C5C3C5969291}.Debug|x86.ActiveCfg = Debug|Win32
		{51BF4A6F-775A-4D0D-BA3C-C5C3C5969291}.Debug|x86.Build.0 = Debug|Win32
		{51BF4A6F-775A-4D0D-BA3C-C5C3C5969291}.Release|x64.ActiveCfg = Release|x64
		{51BF4A6F-775A-4D0D-BA3C-C5C3C5969291}.Release|x64.Build.0 = Release|x64
		{51BF4A6F-775A-4D0D-BA3C-C5C3C5969291}.Release|x86.ActiveCfg = Release|Win32
		{51BF4A6F-775A-4D0D-BA3C-C5C3C5969291}.Release|x86.Build.0 = Release|Win32
		{8B4E44A7-38D9-47A5-B80E-61F3D0F64972}.Debug|x64.ActiveCfg = Debug|x64
		{8B4E44A7-38D9-47A5-B80E-61F3D0F64972}.Debug|x64.Build.0 = Debug|x64
		{8B4E44A7-38D9-47A5-B80E-61F3D0F64972}.Debug|x86.ActiveCfg = Debug|Win32
		{8B4E44A7-38D9-47A5-B80E-61F3D0F64972}.Debug|x86.Build.0 = Debug|Win32
		{8B4E44A7-38D9-47A5-B80E-61F3D0F64972}.Release|x64.ActiveCfg = Release|x64
		{8B4E44A7-38D9-47A5-B80E-61F3D0F64972}.Release|x64.Build.0 = Release|x64
		{8B4E44A7-38D9-47A5-B80E-61F3D0F64972}.Release|x86.ActiveCfg = Release|Win32
		{8B4E44A7-38D9-47A5-B80E-61F3D0F64972}.Release|x86.Build.0 = Release|Win32
		{1895CBA0-F58A-4F8E-97B8-0C8FCAFDE06D}.Debug|x64.ActiveCfg = Debug|x64
		{1895CBA0-F58A-4F8E-97B8-0C8FCAFDE06D}.Debug|x64.Build.0 = Debug|x64
		{1895CBA0-F58A-4F8E-97B8-0C8FCAFDE06D}.Debug|x86.ActiveCfg = Debug|Win32
		{1895CBA0-F58A-4F8E-97B8-0C8FCAFDE06D}.Debug|x86.Build.0 = Debug|Win32
		{1895CBA0-F58A-4F8E-97B8-0C8FCAFDE06D}.Release|x64.ActiveCfg = Release|x64
		{1895CBA0-F58A-4F8E-97B8-0C8FCAFDE06D}.Release|x64.Build.0 = Release|x64
		{1895CBA0-F58A-4F8E-97B8-0C8FCAFDE06D}.Release|x86.ActiveCfg = Release|Win32
		{1895CBA0-F58A-4F8E-97B8-0C8FCAFDE06D}.Release|x86.Build.0 = Release|Win32
	EndGlobalSection
	GlobalSection(SolutionProperties) = preSolution
		HideSolutionNode = FALSE
	EndGlobalSection
	GlobalSection(ExtensibilityGlobals) = postSolution
		SolutionGuid = {423D2ACB-E220-43E8-9858-83358299B6A9}
	EndGlobalSection
EndGlobal
