
Microsoft Visual Studio Solution File, Format Version 12.00
# Visual Studio Version 16
VisualStudioVersion = 16.0.30503.244
MinimumVisualStudioVersion = 10.0.40219.1
Project("{8BC9CEB8-8B4A-11D0-8D11-00A0C91BC942}") = "Prj01", "Prj01\Prj01.vcxproj", "{3E6E7CBC-9662-4C09-8A64-9B33086491F2}"
EndProject
Project("{8BC9CEB8-8B4A-11D0-8D11-00A0C91BC942}") = "Lab01", "Lab01\Lab01.vcxproj", "{59C7F96A-6D70-44C4-9C86-F7F79BC69FBB}"
EndProject
Project("{8BC9CEB8-8B4A-11D0-8D11-00A0C91BC942}") = "Prj02", "Prj02\Prj02.vcxproj", "{F904E8DF-063C-46F2-9FEF-02164F4F45B0}"
EndProject
Project("{8BC9CEB8-8B4A-11D0-8D11-00A0C91BC942}") = "Prj03", "Prj03\Prj03.vcxproj", "{483505AA-944D-4DBE-B121-E76E3F525D5D}"
EndProject
Project("{8BC9CEB8-8B4A-11D0-8D11-00A0C91BC942}") = "Prj04", "Prj04\Prj04.vcxproj", "{B8B6693E-198F-42E1-A1FA-BF9E8E785FBC}"
EndProject
Project("{8BC9CEB8-8B4A-11D0-8D11-00A0C91BC942}") = "Lab02", "Lab02\Lab02.vcxproj", "{B486E723-BBC9-4481-97F5-A96131A09C61}"
EndProject
Project("{8BC9CEB8-8B4A-11D0-8D11-00A0C91BC942}") = "Prj05", "Prj05\Prj05.vcxproj", "{67CB9F80-8A9B-41C3-B69F-84FE76668940}"
EndProject
Project("{8BC9CEB8-8B4A-11D0-8D11-00A0C91BC942}") = "Prj06", "Prj06\Prj06.vcxproj", "{329D5BAD-451E-4710-8C5E-C43C666B9374}"
EndProject
Project("{8BC9CEB8-8B4A-11D0-8D11-00A0C91BC942}") = "Prj07", "Prj07\Prj07.vcxproj", "{98CDED60-34C2-4FE4-B3D2-A0E6A92ACF58}"
EndProject
Project("{8BC9CEB8-8B4A-11D0-8D11-00A0C91BC942}") = "Prj08", "Prj08\Prj08.vcxproj", "{1D0B2025-100B-4BB0-AEF1-1CFB679C5863}"
EndProject
Project("{8BC9CEB8-8B4A-11D0-8D11-00A0C91BC942}") = "Prj09", "Prj09\Prj09.vcxproj", "{CE8E342B-099D-4BD3-B6A5-2C68FC277706}"
EndProject
Project("{8BC9CEB8-8B4A-11D0-8D11-00A0C91BC942}") = "Lab03", "Lab03\Lab03.vcxproj", "{51258737-220A-4118-8EB4-CCE010DDC4EB}"
EndProject
Global
	GlobalSection(SolutionConfigurationPlatforms) = preSolution
		Debug|x64 = Debug|x64
		Debug|x86 = Debug|x86
		Release|x64 = Release|x64
		Release|x86 = Release|x86
	EndGlobalSection
	GlobalSection(ProjectConfigurationPlatforms) = postSolution
		{3E6E7CBC-9662-4C09-8A64-9B33086491F2}.Debug|x64.ActiveCfg = Debug|x64
		{3E6E7CBC-9662-4C09-8A64-9B33086491F2}.Debug|x64.Build.0 = Debug|x64
		{3E6E7CBC-9662-4C09-8A64-9B33086491F2}.Debug|x86.ActiveCfg = Debug|Win32
		{3E6E7CBC-9662-4C09-8A64-9B33086491F2}.Debug|x86.Build.0 = Debug|Win32
		{3E6E7CBC-9662-4C09-8A64-9B33086491F2}.Release|x64.ActiveCfg = Release|x64
		{3E6E7CBC-9662-4C09-8A64-9B33086491F2}.Release|x64.Build.0 = Release|x64
		{3E6E7CBC-9662-4C09-8A64-9B33086491F2}.Release|x86.ActiveCfg = Release|Win32
		{3E6E7CBC-9662-4C09-8A64-9B33086491F2}.Release|x86.Build.0 = Release|Win32
		{59C7F96A-6D70-44C4-9C86-F7F79BC69FBB}.Debug|x64.ActiveCfg = Debug|x64
		{59C7F96A-6D70-44C4-9C86-F7F79BC69FBB}.Debug|x64.Build.0 = Debug|x64
		{59C7F96A-6D70-44C4-9C86-F7F79BC69FBB}.Debug|x86.ActiveCfg = Debug|Win32
		{59C7F96A-6D70-44C4-9C86-F7F79BC69FBB}.Debug|x86.Build.0 = Debug|Win32
		{59C7F96A-6D70-44C4-9C86-F7F79BC69FBB}.Release|x64.ActiveCfg = Release|x64
		{59C7F96A-6D70-44C4-9C86-F7F79BC69FBB}.Release|x64.Build.0 = Release|x64
		{59C7F96A-6D70-44C4-9C86-F7F79BC69FBB}.Release|x86.ActiveCfg = Release|Win32
		{59C7F96A-6D70-44C4-9C86-F7F79BC69FBB}.Release|x86.Build.0 = Release|Win32
		{F904E8DF-063C-46F2-9FEF-02164F4F45B0}.Debug|x64.ActiveCfg = Debug|x64
		{F904E8DF-063C-46F2-9FEF-02164F4F45B0}.Debug|x64.Build.0 = Debug|x64
		{F904E8DF-063C-46F2-9FEF-02164F4F45B0}.Debug|x86.ActiveCfg = Debug|Win32
		{F904E8DF-063C-46F2-9FEF-02164F4F45B0}.Debug|x86.Build.0 = Debug|Win32
		{F904E8DF-063C-46F2-9FEF-02164F4F45B0}.Release|x64.ActiveCfg = Release|x64
		{F904E8DF-063C-46F2-9FEF-02164F4F45B0}.Release|x64.Build.0 = Release|x64
		{F904E8DF-063C-46F2-9FEF-02164F4F45B0}.Release|x86.ActiveCfg = Release|Win32
		{F904E8DF-063C-46F2-9FEF-02164F4F45B0}.Release|x86.Build.0 = Release|Win32
		{483505AA-944D-4DBE-B121-E76E3F525D5D}.Debug|x64.ActiveCfg = Debug|x64
		{483505AA-944D-4DBE-B121-E76E3F525D5D}.Debug|x64.Build.0 = Debug|x64
		{483505AA-944D-4DBE-B121-E76E3F525D5D}.Debug|x86.ActiveCfg = Debug|Win32
		{483505AA-944D-4DBE-B121-E76E3F525D5D}.Debug|x86.Build.0 = Debug|Win32
		{483505AA-944D-4DBE-B121-E76E3F525D5D}.Release|x64.ActiveCfg = Release|x64
		{483505AA-944D-4DBE-B121-E76E3F525D5D}.Release|x64.Build.0 = Release|x64
		{483505AA-944D-4DBE-B121-E76E3F525D5D}.Release|x86.ActiveCfg = Release|Win32
		{483505AA-944D-4DBE-B121-E76E3F525D5D}.Release|x86.Build.0 = Release|Win32
		{B8B6693E-198F-42E1-A1FA-BF9E8E785FBC}.Debug|x64.ActiveCfg = Debug|x64
		{B8B6693E-198F-42E1-A1FA-BF9E8E785FBC}.Debug|x64.Build.0 = Debug|x64
		{B8B6693E-198F-42E1-A1FA-BF9E8E785FBC}.Debug|x86.ActiveCfg = Debug|Win32
		{B8B6693E-198F-42E1-A1FA-BF9E8E785FBC}.Debug|x86.Build.0 = Debug|Win32
		{B8B6693E-198F-42E1-A1FA-BF9E8E785FBC}.Release|x64.ActiveCfg = Release|x64
		{B8B6693E-198F-42E1-A1FA-BF9E8E785FBC}.Release|x64.Build.0 = Release|x64
		{B8B6693E-198F-42E1-A1FA-BF9E8E785FBC}.Release|x86.ActiveCfg = Release|Win32
		{B8B6693E-198F-42E1-A1FA-BF9E8E785FBC}.Release|x86.Build.0 = Release|Win32
		{B486E723-BBC9-4481-97F5-A96131A09C61}.Debug|x64.ActiveCfg = Debug|x64
		{B486E723-BBC9-4481-97F5-A96131A09C61}.Debug|x64.Build.0 = Debug|x64
		{B486E723-BBC9-4481-97F5-A96131A09C61}.Debug|x86.ActiveCfg = Debug|Win32
		{B486E723-BBC9-4481-97F5-A96131A09C61}.Debug|x86.Build.0 = Debug|Win32
		{B486E723-BBC9-4481-97F5-A96131A09C61}.Release|x64.ActiveCfg = Release|x64
		{B486E723-BBC9-4481-97F5-A96131A09C61}.Release|x64.Build.0 = Release|x64
		{B486E723-BBC9-4481-97F5-A96131A09C61}.Release|x86.ActiveCfg = Release|Win32
		{B486E723-BBC9-4481-97F5-A96131A09C61}.Release|x86.Build.0 = Release|Win32
		{67CB9F80-8A9B-41C3-B69F-84FE76668940}.Debug|x64.ActiveCfg = Debug|x64
		{67CB9F80-8A9B-41C3-B69F-84FE76668940}.Debug|x64.Build.0 = Debug|x64
		{67CB9F80-8A9B-41C3-B69F-84FE76668940}.Debug|x86.ActiveCfg = Debug|Win32
		{67CB9F80-8A9B-41C3-B69F-84FE76668940}.Debug|x86.Build.0 = Debug|Win32
		{67CB9F80-8A9B-41C3-B69F-84FE76668940}.Release|x64.ActiveCfg = Release|x64
		{67CB9F80-8A9B-41C3-B69F-84FE76668940}.Release|x64.Build.0 = Release|x64
		{67CB9F80-8A9B-41C3-B69F-84FE76668940}.Release|x86.ActiveCfg = Release|Win32
		{67CB9F80-8A9B-41C3-B69F-84FE76668940}.Release|x86.Build.0 = Release|Win32
		{329D5BAD-451E-4710-8C5E-C43C666B9374}.Debug|x64.ActiveCfg = Debug|x64
		{329D5BAD-451E-4710-8C5E-C43C666B9374}.Debug|x64.Build.0 = Debug|x64
		{329D5BAD-451E-4710-8C5E-C43C666B9374}.Debug|x86.ActiveCfg = Debug|Win32
		{329D5BAD-451E-4710-8C5E-C43C666B9374}.Debug|x86.Build.0 = Debug|Win32
		{329D5BAD-451E-4710-8C5E-C43C666B9374}.Release|x64.ActiveCfg = Release|x64
		{329D5BAD-451E-4710-8C5E-C43C666B9374}.Release|x64.Build.0 = Release|x64
		{329D5BAD-451E-4710-8C5E-C43C666B9374}.Release|x86.ActiveCfg = Release|Win32
		{329D5BAD-451E-4710-8C5E-C43C666B9374}.Release|x86.Build.0 = Release|Win32
		{98CDED60-34C2-4FE4-B3D2-A0E6A92ACF58}.Debug|x64.ActiveCfg = Debug|x64
		{98CDED60-34C2-4FE4-B3D2-A0E6A92ACF58}.Debug|x64.Build.0 = Debug|x64
		{98CDED60-34C2-4FE4-B3D2-A0E6A92ACF58}.Debug|x86.ActiveCfg = Debug|Win32
		{98CDED60-34C2-4FE4-B3D2-A0E6A92ACF58}.Debug|x86.Build.0 = Debug|Win32
		{98CDED60-34C2-4FE4-B3D2-A0E6A92ACF58}.Release|x64.ActiveCfg = Release|x64
		{98CDED60-34C2-4FE4-B3D2-A0E6A92ACF58}.Release|x64.Build.0 = Release|x64
		{98CDED60-34C2-4FE4-B3D2-A0E6A92ACF58}.Release|x86.ActiveCfg = Release|Win32
		{98CDED60-34C2-4FE4-B3D2-A0E6A92ACF58}.Release|x86.Build.0 = Release|Win32
		{1D0B2025-100B-4BB0-AEF1-1CFB679C5863}.Debug|x64.ActiveCfg = Debug|x64
		{1D0B2025-100B-4BB0-AEF1-1CFB679C5863}.Debug|x64.Build.0 = Debug|x64
		{1D0B2025-100B-4BB0-AEF1-1CFB679C5863}.Debug|x86.ActiveCfg = Debug|Win32
		{1D0B2025-100B-4BB0-AEF1-1CFB679C5863}.Debug|x86.Build.0 = Debug|Win32
		{1D0B2025-100B-4BB0-AEF1-1CFB679C5863}.Release|x64.ActiveCfg = Release|x64
		{1D0B2025-100B-4BB0-AEF1-1CFB679C5863}.Release|x64.Build.0 = Release|x64
		{1D0B2025-100B-4BB0-AEF1-1CFB679C5863}.Release|x86.ActiveCfg = Release|Win32
		{1D0B2025-100B-4BB0-AEF1-1CFB679C5863}.Release|x86.Build.0 = Release|Win32
		{CE8E342B-099D-4BD3-B6A5-2C68FC277706}.Debug|x64.ActiveCfg = Debug|x64
		{CE8E342B-099D-4BD3-B6A5-2C68FC277706}.Debug|x64.Build.0 = Debug|x64
		{CE8E342B-099D-4BD3-B6A5-2C68FC277706}.Debug|x86.ActiveCfg = Debug|Win32
		{CE8E342B-099D-4BD3-B6A5-2C68FC277706}.Debug|x86.Build.0 = Debug|Win32
		{CE8E342B-099D-4BD3-B6A5-2C68FC277706}.Release|x64.ActiveCfg = Release|x64
		{CE8E342B-099D-4BD3-B6A5-2C68FC277706}.Release|x64.Build.0 = Release|x64
		{CE8E342B-099D-4BD3-B6A5-2C68FC277706}.Release|x86.ActiveCfg = Release|Win32
		{CE8E342B-099D-4BD3-B6A5-2C68FC277706}.Release|x86.Build.0 = Release|Win32
		{51258737-220A-4118-8EB4-CCE010DDC4EB}.Debug|x64.ActiveCfg = Debug|x64
		{51258737-220A-4118-8EB4-CCE010DDC4EB}.Debug|x64.Build.0 = Debug|x64
		{51258737-220A-4118-8EB4-CCE010DDC4EB}.Debug|x86.ActiveCfg = Debug|Win32
		{51258737-220A-4118-8EB4-CCE010DDC4EB}.Debug|x86.Build.0 = Debug|Win32
		{51258737-220A-4118-8EB4-CCE010DDC4EB}.Release|x64.ActiveCfg = Release|x64
		{51258737-220A-4118-8EB4-CCE010DDC4EB}.Release|x64.Build.0 = Release|x64
		{51258737-220A-4118-8EB4-CCE010DDC4EB}.Release|x86.ActiveCfg = Release|Win32
		{51258737-220A-4118-8EB4-CCE010DDC4EB}.Release|x86.Build.0 = Release|Win32
	EndGlobalSection
	GlobalSection(SolutionProperties) = preSolution
		HideSolutionNode = FALSE
	EndGlobalSection
	GlobalSection(ExtensibilityGlobals) = postSolution
		SolutionGuid = {BFD0D416-1A95-4A20-A0A0-E01BEC43110A}
	EndGlobalSection
EndGlobal
