
Microsoft Visual Studio Solution File, Format Version 12.00
# Visual Studio Version 16
VisualStudioVersion = 16.0.30503.244
MinimumVisualStudioVersion = 10.0.40219.1
Project("{8BC9CEB8-8B4A-11D0-8D11-00A0C91BC942}") = "Prj01", "Prj01\Prj01.vcxproj", "{CD179A75-C287-4E79-88CD-48BD99483F1A}"
EndProject
Project("{8BC9CEB8-8B4A-11D0-8D11-00A0C91BC942}") = "Prj02", "Prj02\Prj02.vcxproj", "{0AF637CB-47DD-495D-8E18-A9B4A126F679}"
EndProject
Project("{8BC9CEB8-8B4A-11D0-8D11-00A0C91BC942}") = "Prj03", "Prj03\Prj03.vcxproj", "{08C3985A-4A50-425F-A5E0-FA80C0F73A33}"
EndProject
Project("{8BC9CEB8-8B4A-11D0-8D11-00A0C91BC942}") = "Prj04", "Prj04\Prj04.vcxproj", "{1050390B-FF2E-47EE-A4FB-FD6B829324EE}"
EndProject
Project("{8BC9CEB8-8B4A-11D0-8D11-00A0C91BC942}") = "Prj05", "Prj05\Prj05.vcxproj", "{DA277B7B-9736-42D1-B1B6-3CF5AFE8502D}"
EndProject
Project("{8BC9CEB8-8B4A-11D0-8D11-00A0C91BC942}") = "Prj06", "Prj06\Prj06.vcxproj", "{3F78A97D-2F8B-4041-BED8-6DB73375A186}"
EndProject
Project("{8BC9CEB8-8B4A-11D0-8D11-00A0C91BC942}") = "Prj07", "Prj07\Prj07.vcxproj", "{11DD39EC-EE09-416E-A084-D19CB1D20113}"
EndProject
Project("{8BC9CEB8-8B4A-11D0-8D11-00A0C91BC942}") = "Prj08", "Prj08\Prj08.vcxproj", "{CBB4B05B-DA39-473E-A66E-070F9937822E}"
EndProject
Project("{8BC9CEB8-8B4A-11D0-8D11-00A0C91BC942}") = "Prj09", "Prj09\Prj09.vcxproj", "{19AF01A2-EB10-40B2-8A93-D01CB63BB55A}"
EndProject
Project("{8BC9CEB8-8B4A-11D0-8D11-00A0C91BC942}") = "Prj10", "Prj10\Prj10.vcxproj", "{BB3040E9-1697-4A60-9E19-2D53C376E387}"
EndProject
Project("{8BC9CEB8-8B4A-11D0-8D11-00A0C91BC942}") = "Prj11", "Prj11\Prj11.vcxproj", "{713A24D5-1266-4E06-ADAC-DA1E0B0F8D61}"
EndProject
Project("{8BC9CEB8-8B4A-11D0-8D11-00A0C91BC942}") = "Prj12", "Prj12\Prj12.vcxproj", "{C558C767-4ECE-4F6A-BDB5-7A4FEB13BE68}"
EndProject
Project("{8BC9CEB8-8B4A-11D0-8D11-00A0C91BC942}") = "Prj13", "Prj13\Prj13.vcxproj", "{2B8498C0-D614-40E9-9DEA-A5178C3DF9AB}"
EndProject
Project("{8BC9CEB8-8B4A-11D0-8D11-00A0C91BC942}") = "Prj14", "Prj14\Prj14.vcxproj", "{FFB5577F-40E0-4E7D-A78F-3FEBD29E0B65}"
EndProject
Project("{8BC9CEB8-8B4A-11D0-8D11-00A0C91BC942}") = "Prj15", "Prj15\Prj15.vcxproj", "{3EA39616-64CD-4AC4-8171-E0DCDF15DA1B}"
EndProject
Project("{8BC9CEB8-8B4A-11D0-8D11-00A0C91BC942}") = "Prj16", "Prj16\Prj16.vcxproj", "{FA3AC8E0-736F-4C80-8131-211A8913789C}"
EndProject
Project("{8BC9CEB8-8B4A-11D0-8D11-00A0C91BC942}") = "Prj17", "Prj17\Prj17.vcxproj", "{CEEA9598-0FFE-418F-BA8A-1FBA2E4774EE}"
EndProject
Project("{8BC9CEB8-8B4A-11D0-8D11-00A0C91BC942}") = "Prj18", "Prj18\Prj18.vcxproj", "{DC10444E-5550-4C62-BB01-AB2735888429}"
EndProject
Project("{8BC9CEB8-8B4A-11D0-8D11-00A0C91BC942}") = "Prj19", "Prj19\Prj19.vcxproj", "{A952266A-B5D1-43E9-9B2D-0E7E3F6BEAB3}"
EndProject
Project("{8BC9CEB8-8B4A-11D0-8D11-00A0C91BC942}") = "Lab01", "Lab01\Lab01.vcxproj", "{E106E932-1103-4297-97E5-47F7F70CC589}"
EndProject
Project("{8BC9CEB8-8B4A-11D0-8D11-00A0C91BC942}") = "Lab02", "Lab02\Lab02.vcxproj", "{77D6729E-7913-40A4-B9E3-4A2C4CB27AED}"
EndProject
Project("{8BC9CEB8-8B4A-11D0-8D11-00A0C91BC942}") = "Lab03", "Lab03\Lab03.vcxproj", "{7658A088-54A5-4A50-B599-20982B323490}"
EndProject
Project("{8BC9CEB8-8B4A-11D0-8D11-00A0C91BC942}") = "Lab04", "Lab04\Lab04.vcxproj", "{CBE4B8A8-30B4-410E-A5A2-8843E03ADE35}"
EndProject
Project("{8BC9CEB8-8B4A-11D0-8D11-00A0C91BC942}") = "Lab05", "Lab05\Lab05.vcxproj", "{8FAD6584-D7AA-44F0-8FD0-B1D3FE20CC5B}"
EndProject
Global
	GlobalSection(SolutionConfigurationPlatforms) = preSolution
		Debug|x64 = Debug|x64
		Debug|x86 = Debug|x86
		Release|x64 = Release|x64
		Release|x86 = Release|x86
	EndGlobalSection
	GlobalSection(ProjectConfigurationPlatforms) = postSolution
		{CD179A75-C287-4E79-88CD-48BD99483F1A}.Debug|x64.ActiveCfg = Debug|x64
		{CD179A75-C287-4E79-88CD-48BD99483F1A}.Debug|x64.Build.0 = Debug|x64
		{CD179A75-C287-4E79-88CD-48BD99483F1A}.Debug|x86.ActiveCfg = Debug|Win32
		{CD179A75-C287-4E79-88CD-48BD99483F1A}.Debug|x86.Build.0 = Debug|Win32
		{CD179A75-C287-4E79-88CD-48BD99483F1A}.Release|x64.ActiveCfg = Release|x64
		{CD179A75-C287-4E79-88CD-48BD99483F1A}.Release|x64.Build.0 = Release|x64
		{CD179A75-C287-4E79-88CD-48BD99483F1A}.Release|x86.ActiveCfg = Release|Win32
		{CD179A75-C287-4E79-88CD-48BD99483F1A}.Release|x86.Build.0 = Release|Win32
		{0AF637CB-47DD-495D-8E18-A9B4A126F679}.Debug|x64.ActiveCfg = Debug|x64
		{0AF637CB-47DD-495D-8E18-A9B4A126F679}.Debug|x64.Build.0 = Debug|x64
		{0AF637CB-47DD-495D-8E18-A9B4A126F679}.Debug|x86.ActiveCfg = Debug|Win32
		{0AF637CB-47DD-495D-8E18-A9B4A126F679}.Debug|x86.Build.0 = Debug|Win32
		{0AF637CB-47DD-495D-8E18-A9B4A126F679}.Release|x64.ActiveCfg = Release|x64
		{0AF637CB-47DD-495D-8E18-A9B4A126F679}.Release|x64.Build.0 = Release|x64
		{0AF637CB-47DD-495D-8E18-A9B4A126F679}.Release|x86.ActiveCfg = Release|Win32
		{0AF637CB-47DD-495D-8E18-A9B4A126F679}.Release|x86.Build.0 = Release|Win32
		{08C3985A-4A50-425F-A5E0-FA80C0F73A33}.Debug|x64.ActiveCfg = Debug|x64
		{08C3985A-4A50-425F-A5E0-FA80C0F73A33}.Debug|x64.Build.0 = Debug|x64
		{08C3985A-4A50-425F-A5E0-FA80C0F73A33}.Debug|x86.ActiveCfg = Debug|Win32
		{08C3985A-4A50-425F-A5E0-FA80C0F73A33}.Debug|x86.Build.0 = Debug|Win32
		{08C3985A-4A50-425F-A5E0-FA80C0F73A33}.Release|x64.ActiveCfg = Release|x64
		{08C3985A-4A50-425F-A5E0-FA80C0F73A33}.Release|x64.Build.0 = Release|x64
		{08C3985A-4A50-425F-A5E0-FA80C0F73A33}.Release|x86.ActiveCfg = Release|Win32
		{08C3985A-4A50-425F-A5E0-FA80C0F73A33}.Release|x86.Build.0 = Release|Win32
		{1050390B-FF2E-47EE-A4FB-FD6B829324EE}.Debug|x64.ActiveCfg = Debug|x64
		{1050390B-FF2E-47EE-A4FB-FD6B829324EE}.Debug|x64.Build.0 = Debug|x64
		{1050390B-FF2E-47EE-A4FB-FD6B829324EE}.Debug|x86.ActiveCfg = Debug|Win32
		{1050390B-FF2E-47EE-A4FB-FD6B829324EE}.Debug|x86.Build.0 = Debug|Win32
		{1050390B-FF2E-47EE-A4FB-FD6B829324EE}.Release|x64.ActiveCfg = Release|x64
		{1050390B-FF2E-47EE-A4FB-FD6B829324EE}.Release|x64.Build.0 = Release|x64
		{1050390B-FF2E-47EE-A4FB-FD6B829324EE}.Release|x86.ActiveCfg = Release|Win32
		{1050390B-FF2E-47EE-A4FB-FD6B829324EE}.Release|x86.Build.0 = Release|Win32
		{DA277B7B-9736-42D1-B1B6-3CF5AFE8502D}.Debug|x64.ActiveCfg = Debug|x64
		{DA277B7B-9736-42D1-B1B6-3CF5AFE8502D}.Debug|x64.Build.0 = Debug|x64
		{DA277B7B-9736-42D1-B1B6-3CF5AFE8502D}.Debug|x86.ActiveCfg = Debug|Win32
		{DA277B7B-9736-42D1-B1B6-3CF5AFE8502D}.Debug|x86.Build.0 = Debug|Win32
		{DA277B7B-9736-42D1-B1B6-3CF5AFE8502D}.Release|x64.ActiveCfg = Release|x64
		{DA277B7B-9736-42D1-B1B6-3CF5AFE8502D}.Release|x64.Build.0 = Release|x64
		{DA277B7B-9736-42D1-B1B6-3CF5AFE8502D}.Release|x86.ActiveCfg = Release|Win32
		{DA277B7B-9736-42D1-B1B6-3CF5AFE8502D}.Release|x86.Build.0 = Release|Win32
		{3F78A97D-2F8B-4041-BED8-6DB73375A186}.Debug|x64.ActiveCfg = Debug|x64
		{3F78A97D-2F8B-4041-BED8-6DB73375A186}.Debug|x64.Build.0 = Debug|x64
		{3F78A97D-2F8B-4041-BED8-6DB73375A186}.Debug|x86.ActiveCfg = Debug|Win32
		{3F78A97D-2F8B-4041-BED8-6DB73375A186}.Debug|x86.Build.0 = Debug|Win32
		{3F78A97D-2F8B-4041-BED8-6DB73375A186}.Release|x64.ActiveCfg = Release|x64
		{3F78A97D-2F8B-4041-BED8-6DB73375A186}.Release|x64.Build.0 = Release|x64
		{3F78A97D-2F8B-4041-BED8-6DB73375A186}.Release|x86.ActiveCfg = Release|Win32
		{3F78A97D-2F8B-4041-BED8-6DB73375A186}.Release|x86.Build.0 = Release|Win32
		{11DD39EC-EE09-416E-A084-D19CB1D20113}.Debug|x64.ActiveCfg = Debug|x64
		{11DD39EC-EE09-416E-A084-D19CB1D20113}.Debug|x64.Build.0 = Debug|x64
		{11DD39EC-EE09-416E-A084-D19CB1D20113}.Debug|x86.ActiveCfg = Debug|Win32
		{11DD39EC-EE09-416E-A084-D19CB1D20113}.Debug|x86.Build.0 = Debug|Win32
		{11DD39EC-EE09-416E-A084-D19CB1D20113}.Release|x64.ActiveCfg = Release|x64
		{11DD39EC-EE09-416E-A084-D19CB1D20113}.Release|x64.Build.0 = Release|x64
		{11DD39EC-EE09-416E-A084-D19CB1D20113}.Release|x86.ActiveCfg = Release|Win32
		{11DD39EC-EE09-416E-A084-D19CB1D20113}.Release|x86.Build.0 = Release|Win32
		{CBB4B05B-DA39-473E-A66E-070F9937822E}.Debug|x64.ActiveCfg = Debug|x64
		{CBB4B05B-DA39-473E-A66E-070F9937822E}.Debug|x64.Build.0 = Debug|x64
		{CBB4B05B-DA39-473E-A66E-070F9937822E}.Debug|x86.ActiveCfg = Debug|Win32
		{CBB4B05B-DA39-473E-A66E-070F9937822E}.Debug|x86.Build.0 = Debug|Win32
		{CBB4B05B-DA39-473E-A66E-070F9937822E}.Release|x64.ActiveCfg = Release|x64
		{CBB4B05B-DA39-473E-A66E-070F9937822E}.Release|x64.Build.0 = Release|x64
		{CBB4B05B-DA39-473E-A66E-070F9937822E}.Release|x86.ActiveCfg = Release|Win32
		{CBB4B05B-DA39-473E-A66E-070F9937822E}.Release|x86.Build.0 = Release|Win32
		{19AF01A2-EB10-40B2-8A93-D01CB63BB55A}.Debug|x64.ActiveCfg = Debug|x64
		{19AF01A2-EB10-40B2-8A93-D01CB63BB55A}.Debug|x64.Build.0 = Debug|x64
		{19AF01A2-EB10-40B2-8A93-D01CB63BB55A}.Debug|x86.ActiveCfg = Debug|Win32
		{19AF01A2-EB10-40B2-8A93-D01CB63BB55A}.Debug|x86.Build.0 = Debug|Win32
		{19AF01A2-EB10-40B2-8A93-D01CB63BB55A}.Release|x64.ActiveCfg = Release|x64
		{19AF01A2-EB10-40B2-8A93-D01CB63BB55A}.Release|x64.Build.0 = Release|x64
		{19AF01A2-EB10-40B2-8A93-D01CB63BB55A}.Release|x86.ActiveCfg = Release|Win32
		{19AF01A2-EB10-40B2-8A93-D01CB63BB55A}.Release|x86.Build.0 = Release|Win32
		{BB3040E9-1697-4A60-9E19-2D53C376E387}.Debug|x64.ActiveCfg = Debug|x64
		{BB3040E9-1697-4A60-9E19-2D53C376E387}.Debug|x64.Build.0 = Debug|x64
		{BB3040E9-1697-4A60-9E19-2D53C376E387}.Debug|x86.ActiveCfg = Debug|Win32
		{BB3040E9-1697-4A60-9E19-2D53C376E387}.Debug|x86.Build.0 = Debug|Win32
		{BB3040E9-1697-4A60-9E19-2D53C376E387}.Release|x64.ActiveCfg = Release|x64
		{BB3040E9-1697-4A60-9E19-2D53C376E387}.Release|x64.Build.0 = Release|x64
		{BB3040E9-1697-4A60-9E19-2D53C376E387}.Release|x86.ActiveCfg = Release|Win32
		{BB3040E9-1697-4A60-9E19-2D53C376E387}.Release|x86.Build.0 = Release|Win32
		{713A24D5-1266-4E06-ADAC-DA1E0B0F8D61}.Debug|x64.ActiveCfg = Debug|x64
		{713A24D5-1266-4E06-ADAC-DA1E0B0F8D61}.Debug|x64.Build.0 = Debug|x64
		{713A24D5-1266-4E06-ADAC-DA1E0B0F8D61}.Debug|x86.ActiveCfg = Debug|Win32
		{713A24D5-1266-4E06-ADAC-DA1E0B0F8D61}.Debug|x86.Build.0 = Debug|Win32
		{713A24D5-1266-4E06-ADAC-DA1E0B0F8D61}.Release|x64.ActiveCfg = Release|x64
		{713A24D5-1266-4E06-ADAC-DA1E0B0F8D61}.Release|x64.Build.0 = Release|x64
		{713A24D5-1266-4E06-ADAC-DA1E0B0F8D61}.Release|x86.ActiveCfg = Release|Win32
		{713A24D5-1266-4E06-ADAC-DA1E0B0F8D61}.Release|x86.Build.0 = Release|Win32
		{C558C767-4ECE-4F6A-BDB5-7A4FEB13BE68}.Debug|x64.ActiveCfg = Debug|x64
		{C558C767-4ECE-4F6A-BDB5-7A4FEB13BE68}.Debug|x64.Build.0 = Debug|x64
		{C558C767-4ECE-4F6A-BDB5-7A4FEB13BE68}.Debug|x86.ActiveCfg = Debug|Win32
		{C558C767-4ECE-4F6A-BDB5-7A4FEB13BE68}.Debug|x86.Build.0 = Debug|Win32
		{C558C767-4ECE-4F6A-BDB5-7A4FEB13BE68}.Release|x64.ActiveCfg = Release|x64
		{C558C767-4ECE-4F6A-BDB5-7A4FEB13BE68}.Release|x64.Build.0 = Release|x64
		{C558C767-4ECE-4F6A-BDB5-7A4FEB13BE68}.Release|x86.ActiveCfg = Release|Win32
		{C558C767-4ECE-4F6A-BDB5-7A4FEB13BE68}.Release|x86.Build.0 = Release|Win32
		{2B8498C0-D614-40E9-9DEA-A5178C3DF9AB}.Debug|x64.ActiveCfg = Debug|x64
		{2B8498C0-D614-40E9-9DEA-A5178C3DF9AB}.Debug|x64.Build.0 = Debug|x64
		{2B8498C0-D614-40E9-9DEA-A5178C3DF9AB}.Debug|x86.ActiveCfg = Debug|Win32
		{2B8498C0-D614-40E9-9DEA-A5178C3DF9AB}.Debug|x86.Build.0 = Debug|Win32
		{2B8498C0-D614-40E9-9DEA-A5178C3DF9AB}.Release|x64.ActiveCfg = Release|x64
		{2B8498C0-D614-40E9-9DEA-A5178C3DF9AB}.Release|x64.Build.0 = Release|x64
		{2B8498C0-D614-40E9-9DEA-A5178C3DF9AB}.Release|x86.ActiveCfg = Release|Win32
		{2B8498C0-D614-40E9-9DEA-A5178C3DF9AB}.Release|x86.Build.0 = Release|Win32
		{FFB5577F-40E0-4E7D-A78F-3FEBD29E0B65}.Debug|x64.ActiveCfg = Debug|x64
		{FFB5577F-40E0-4E7D-A78F-3FEBD29E0B65}.Debug|x64.Build.0 = Debug|x64
		{FFB5577F-40E0-4E7D-A78F-3FEBD29E0B65}.Debug|x86.ActiveCfg = Debug|Win32
		{FFB5577F-40E0-4E7D-A78F-3FEBD29E0B65}.Debug|x86.Build.0 = Debug|Win32
		{FFB5577F-40E0-4E7D-A78F-3FEBD29E0B65}.Release|x64.ActiveCfg = Release|x64
		{FFB5577F-40E0-4E7D-A78F-3FEBD29E0B65}.Release|x64.Build.0 = Release|x64
		{FFB5577F-40E0-4E7D-A78F-3FEBD29E0B65}.Release|x86.ActiveCfg = Release|Win32
		{FFB5577F-40E0-4E7D-A78F-3FEBD29E0B65}.Release|x86.Build.0 = Release|Win32
		{3EA39616-64CD-4AC4-8171-E0DCDF15DA1B}.Debug|x64.ActiveCfg = Debug|x64
		{3EA39616-64CD-4AC4-8171-E0DCDF15DA1B}.Debug|x64.Build.0 = Debug|x64
		{3EA39616-64CD-4AC4-8171-E0DCDF15DA1B}.Debug|x86.ActiveCfg = Debug|Win32
		{3EA39616-64CD-4AC4-8171-E0DCDF15DA1B}.Debug|x86.Build.0 = Debug|Win32
		{3EA39616-64CD-4AC4-8171-E0DCDF15DA1B}.Release|x64.ActiveCfg = Release|x64
		{3EA39616-64CD-4AC4-8171-E0DCDF15DA1B}.Release|x64.Build.0 = Release|x64
		{3EA39616-64CD-4AC4-8171-E0DCDF15DA1B}.Release|x86.ActiveCfg = Release|Win32
		{3EA39616-64CD-4AC4-8171-E0DCDF15DA1B}.Release|x86.Build.0 = Release|Win32
		{FA3AC8E0-736F-4C80-8131-211A8913789C}.Debug|x64.ActiveCfg = Debug|x64
		{FA3AC8E0-736F-4C80-8131-211A8913789C}.Debug|x64.Build.0 = Debug|x64
		{FA3AC8E0-736F-4C80-8131-211A8913789C}.Debug|x86.ActiveCfg = Debug|Win32
		{FA3AC8E0-736F-4C80-8131-211A8913789C}.Debug|x86.Build.0 = Debug|Win32
		{FA3AC8E0-736F-4C80-8131-211A8913789C}.Release|x64.ActiveCfg = Release|x64
		{FA3AC8E0-736F-4C80-8131-211A8913789C}.Release|x64.Build.0 = Release|x64
		{FA3AC8E0-736F-4C80-8131-211A8913789C}.Release|x86.ActiveCfg = Release|Win32
		{FA3AC8E0-736F-4C80-8131-211A8913789C}.Release|x86.Build.0 = Release|Win32
		{CEEA9598-0FFE-418F-BA8A-1FBA2E4774EE}.Debug|x64.ActiveCfg = Debug|x64
		{CEEA9598-0FFE-418F-BA8A-1FBA2E4774EE}.Debug|x64.Build.0 = Debug|x64
		{CEEA9598-0FFE-418F-BA8A-1FBA2E4774EE}.Debug|x86.ActiveCfg = Debug|Win32
		{CEEA9598-0FFE-418F-BA8A-1FBA2E4774EE}.Debug|x86.Build.0 = Debug|Win32
		{CEEA9598-0FFE-418F-BA8A-1FBA2E4774EE}.Release|x64.ActiveCfg = Release|x64
		{CEEA9598-0FFE-418F-BA8A-1FBA2E4774EE}.Release|x64.Build.0 = Release|x64
		{CEEA9598-0FFE-418F-BA8A-1FBA2E4774EE}.Release|x86.ActiveCfg = Release|Win32
		{CEEA9598-0FFE-418F-BA8A-1FBA2E4774EE}.Release|x86.Build.0 = Release|Win32
		{DC10444E-5550-4C62-BB01-AB2735888429}.Debug|x64.ActiveCfg = Debug|x64
		{DC10444E-5550-4C62-BB01-AB2735888429}.Debug|x64.Build.0 = Debug|x64
		{DC10444E-5550-4C62-BB01-AB2735888429}.Debug|x86.ActiveCfg = Debug|Win32
		{DC10444E-5550-4C62-BB01-AB2735888429}.Debug|x86.Build.0 = Debug|Win32
		{DC10444E-5550-4C62-BB01-AB2735888429}.Release|x64.ActiveCfg = Release|x64
		{DC10444E-5550-4C62-BB01-AB2735888429}.Release|x64.Build.0 = Release|x64
		{DC10444E-5550-4C62-BB01-AB2735888429}.Release|x86.ActiveCfg = Release|Win32
		{DC10444E-5550-4C62-BB01-AB2735888429}.Release|x86.Build.0 = Release|Win32
		{A952266A-B5D1-43E9-9B2D-0E7E3F6BEAB3}.Debug|x64.ActiveCfg = Debug|x64
		{A952266A-B5D1-43E9-9B2D-0E7E3F6BEAB3}.Debug|x64.Build.0 = Debug|x64
		{A952266A-B5D1-43E9-9B2D-0E7E3F6BEAB3}.Debug|x86.ActiveCfg = Debug|Win32
		{A952266A-B5D1-43E9-9B2D-0E7E3F6BEAB3}.Debug|x86.Build.0 = Debug|Win32
		{A952266A-B5D1-43E9-9B2D-0E7E3F6BEAB3}.Release|x64.ActiveCfg = Release|x64
		{A952266A-B5D1-43E9-9B2D-0E7E3F6BEAB3}.Release|x64.Build.0 = Release|x64
		{A952266A-B5D1-43E9-9B2D-0E7E3F6BEAB3}.Release|x86.ActiveCfg = Release|Win32
		{A952266A-B5D1-43E9-9B2D-0E7E3F6BEAB3}.Release|x86.Build.0 = Release|Win32
		{E106E932-1103-4297-97E5-47F7F70CC589}.Debug|x64.ActiveCfg = Debug|x64
		{E106E932-1103-4297-97E5-47F7F70CC589}.Debug|x64.Build.0 = Debug|x64
		{E106E932-1103-4297-97E5-47F7F70CC589}.Debug|x86.ActiveCfg = Debug|Win32
		{E106E932-1103-4297-97E5-47F7F70CC589}.Debug|x86.Build.0 = Debug|Win32
		{E106E932-1103-4297-97E5-47F7F70CC589}.Release|x64.ActiveCfg = Release|x64
		{E106E932-1103-4297-97E5-47F7F70CC589}.Release|x64.Build.0 = Release|x64
		{E106E932-1103-4297-97E5-47F7F70CC589}.Release|x86.ActiveCfg = Release|Win32
		{E106E932-1103-4297-97E5-47F7F70CC589}.Release|x86.Build.0 = Release|Win32
		{77D6729E-7913-40A4-B9E3-4A2C4CB27AED}.Debug|x64.ActiveCfg = Debug|x64
		{77D6729E-7913-40A4-B9E3-4A2C4CB27AED}.Debug|x64.Build.0 = Debug|x64
		{77D6729E-7913-40A4-B9E3-4A2C4CB27AED}.Debug|x86.ActiveCfg = Debug|Win32
		{77D6729E-7913-40A4-B9E3-4A2C4CB27AED}.Debug|x86.Build.0 = Debug|Win32
		{77D6729E-7913-40A4-B9E3-4A2C4CB27AED}.Release|x64.ActiveCfg = Release|x64
		{77D6729E-7913-40A4-B9E3-4A2C4CB27AED}.Release|x64.Build.0 = Release|x64
		{77D6729E-7913-40A4-B9E3-4A2C4CB27AED}.Release|x86.ActiveCfg = Release|Win32
		{77D6729E-7913-40A4-B9E3-4A2C4CB27AED}.Release|x86.Build.0 = Release|Win32
		{7658A088-54A5-4A50-B599-20982B323490}.Debug|x64.ActiveCfg = Debug|x64
		{7658A088-54A5-4A50-B599-20982B323490}.Debug|x64.Build.0 = Debug|x64
		{7658A088-54A5-4A50-B599-20982B323490}.Debug|x86.ActiveCfg = Debug|Win32
		{7658A088-54A5-4A50-B599-20982B323490}.Debug|x86.Build.0 = Debug|Win32
		{7658A088-54A5-4A50-B599-20982B323490}.Release|x64.ActiveCfg = Release|x64
		{7658A088-54A5-4A50-B599-20982B323490}.Release|x64.Build.0 = Release|x64
		{7658A088-54A5-4A50-B599-20982B323490}.Release|x86.ActiveCfg = Release|Win32
		{7658A088-54A5-4A50-B599-20982B323490}.Release|x86.Build.0 = Release|Win32
		{CBE4B8A8-30B4-410E-A5A2-8843E03ADE35}.Debug|x64.ActiveCfg = Debug|x64
		{CBE4B8A8-30B4-410E-A5A2-8843E03ADE35}.Debug|x64.Build.0 = Debug|x64
		{CBE4B8A8-30B4-410E-A5A2-8843E03ADE35}.Debug|x86.ActiveCfg = Debug|Win32
		{CBE4B8A8-30B4-410E-A5A2-8843E03ADE35}.Debug|x86.Build.0 = Debug|Win32
		{CBE4B8A8-30B4-410E-A5A2-8843E03ADE35}.Release|x64.ActiveCfg = Release|x64
		{CBE4B8A8-30B4-410E-A5A2-8843E03ADE35}.Release|x64.Build.0 = Release|x64
		{CBE4B8A8-30B4-410E-A5A2-8843E03ADE35}.Release|x86.ActiveCfg = Release|Win32
		{CBE4B8A8-30B4-410E-A5A2-8843E03ADE35}.Release|x86.Build.0 = Release|Win32
		{8FAD6584-D7AA-44F0-8FD0-B1D3FE20CC5B}.Debug|x64.ActiveCfg = Debug|x64
		{8FAD6584-D7AA-44F0-8FD0-B1D3FE20CC5B}.Debug|x64.Build.0 = Debug|x64
		{8FAD6584-D7AA-44F0-8FD0-B1D3FE20CC5B}.Debug|x86.ActiveCfg = Debug|Win32
		{8FAD6584-D7AA-44F0-8FD0-B1D3FE20CC5B}.Debug|x86.Build.0 = Debug|Win32
		{8FAD6584-D7AA-44F0-8FD0-B1D3FE20CC5B}.Release|x64.ActiveCfg = Release|x64
		{8FAD6584-D7AA-44F0-8FD0-B1D3FE20CC5B}.Release|x64.Build.0 = Release|x64
		{8FAD6584-D7AA-44F0-8FD0-B1D3FE20CC5B}.Release|x86.ActiveCfg = Release|Win32
		{8FAD6584-D7AA-44F0-8FD0-B1D3FE20CC5B}.Release|x86.Build.0 = Release|Win32
	EndGlobalSection
	GlobalSection(SolutionProperties) = preSolution
		HideSolutionNode = FALSE
	EndGlobalSection
	GlobalSection(ExtensibilityGlobals) = postSolution
		SolutionGuid = {CE856DB8-8205-4926-91A2-94F3D2C55CF2}
	EndGlobalSection
EndGlobal
